
Microsoft Visual Studio Solution File, Format Version 11.00
# Visual Studio 2010
Project("{FAE04EC0-301F-11D3-BF4B-00C04F79EFBC}") = "RubricSearch", "RubricSearch.csproj", "{2AD69268-0827-4E77-9687-15559275886E}"
EndProject
Global
	GlobalSection(SolutionConfigurationPlatforms) = preSolution
		Debug|Any CPU = Debug|Any CPU
		Release|Any CPU = Release|Any CPU
	EndGlobalSection
	GlobalSection(ProjectConfigurationPlatforms) = postSolution
		{2AD69268-0827-4E77-9687-15559275886E}.Debug|Any CPU.ActiveCfg = Debug|Any CPU
		{2AD69268-0827-4E77-9687-15559275886E}.Debug|Any CPU.Build.0 = Debug|Any CPU
		{2AD69268-0827-4E77-9687-15559275886E}.Release|Any CPU.ActiveCfg = Release|Any CPU
		{2AD69268-0827-4E77-9687-15559275886E}.Release|Any CPU.Build.0 = Release|Any CPU
	EndGlobalSection
	GlobalSection(SolutionProperties) = preSolution
		HideSolutionNode = FALSE
	EndGlobalSection
EndGlobal
